lockfileVersion: 5.4

importers:

  packages/orm:
    specifiers:
      '@types/pluralize': '*'
      '@types/prompts': ^2.4.2
      inflection: ^2.0.1
      orchid-core: workspace:*
      orchid-orm-schema-to-zod: workspace:*
      pqb: workspace:*
      prompts: ^2.4.2
      rake-db: workspace:*
    dependencies:
      inflection: 2.0.1
      orchid-core: link:../core
      pqb: link:../qb/pqb
      prompts: 2.4.2
    devDependencies:
      '@types/pluralize': 0.0.29
      '@types/prompts': 2.4.2
      orchid-orm-schema-to-zod: link:../schema-to-zod
      rake-db: link:../rake-db

packages:

  /@types/node/18.11.9:
    resolution: {integrity: sha512-CRpX21/kGdzjOpFsZSkcrXMGIBWMGNIHXXBVFSH+ggkftxg+XYP20TESbh+zFvFj3EQOl5byk0HTRn1IL6hbqg==}
    dev: true

  /@types/pluralize/0.0.29:
    resolution: {integrity: sha512-BYOID+l2Aco2nBik+iYS4SZX0Lf20KPILP5RGmM1IgzdwNdTs0eebiFriOPcej1sX9mLnSoiNte5zcFxssgpGA==}
    dev: true

  /@types/prompts/2.4.2:
    resolution: {integrity: sha512-TwNx7qsjvRIUv/BCx583tqF5IINEVjCNqg9ofKHRlSoUHE62WBHrem4B1HGXcIrG511v29d1kJ9a/t2Esz7MIg==}
    dependencies:
      '@types/node': 18.11.9
      kleur: 3.0.3
    dev: true

  /inflection/2.0.1:
    resolution: {integrity: sha512-wzkZHqpb4eGrOKBl34xy3umnYHx8Si5R1U4fwmdxLo5gdH6mEK8gclckTj/qWqy4Je0bsDYe/qazZYuO7xe3XQ==}
    engines: {node: '>=14.0.0'}
    dev: false

  /kleur/3.0.3:
    resolution: {integrity: sha512-eTIzlVOSUR+JxdDFepEYcBMtZ9Qqdef+rnzWdRZuMbOywu5tO2w2N7rqjoANZ5k9vywhL6Br1VRjUIgTQx4E8w==}
    engines: {node: '>=6'}

  /prompts/2.4.2:
    resolution: {integrity: sha512-NxNv/kLguCA7p3jE8oL2aEBsrJWgAakBpgmgK6lpPWV+WuOmY6r2/zbAVnP+T8bQlA0nzHXSJSJW0Hq7ylaD2Q==}
    engines: {node: '>= 6'}
    dependencies:
      kleur: 3.0.3
      sisteransi: 1.0.5
    dev: false

  /sisteransi/1.0.5:
    resolution: {integrity: sha512-bLGGlR1QxBcynn2d5YmDX4MGjlZvy2MRBDRNHLJ8VI6l6+9FUiyTFNJ0IveOSP0bcXgVDPRcfGqA0pjaqUpfVg==}
    dev: false
